{
	"name": "STD",
	"version": "1.0.0",
	"lockfileVersion": 1,
	"requires": true,
	"dependencies": {
		"async-validator": {
			"version": "3.2.3",
			"resolved": "https://registry.npmjs.org/async-validator/-/async-validator-3.2.3.tgz",
			"integrity": "sha512-yMJ4i3x5qEGVgEMowZiBkx+rjDrsXf64BWdHENCtHLgyPiEE+2r8jvqMF1cghCgdGo4sWVLJ7MDwPQgGSPDCcw=="
		},
		"blueimp-md5": {
			"version": "2.12.0",
			"resolved": "https://registry.npmjs.org/blueimp-md5/-/blueimp-md5-2.12.0.tgz",
			"integrity": "sha512-zo+HIdIhzojv6F1siQPqPFROyVy7C50KzHv/k/Iz+BtvtVzSHXiMXOpq2wCfNkeBqdCv+V8XOV96tsEt2W/3rQ=="
		},
		"clipboard": {
			"version": "2.0.4",
			"resolved": "https://registry.npmjs.org/clipboard/-/clipboard-2.0.4.tgz",
			"integrity": "sha512-Vw26VSLRpJfBofiVaFb/I8PVfdI1OxKcYShe6fm0sP/DtmiWQNCjhM/okTvdCo0G+lMMm1rMYbk4IK4x1X+kgQ==",
			"requires": {
				"good-listener": "^1.2.2",
				"select": "^1.1.2",
				"tiny-emitter": "^2.0.0"
			}
		},
		"dayjs": {
			"version": "1.8.20",
			"resolved": "https://registry.npmjs.org/dayjs/-/dayjs-1.8.20.tgz",
			"integrity": "sha512-mH0MCDxw6UCGJYxVN78h8ugWycZAO8thkj3bW6vApL5tS0hQplIDdAQcmbvl7n35H0AKdCJQaArTrIQw2xt4Qg=="
		},
		"delegate": {
			"version": "3.2.0",
			"resolved": "https://registry.npmjs.org/delegate/-/delegate-3.2.0.tgz",
			"integrity": "sha512-IofjkYBZaZivn0V8nnsMJGBr4jVLxHDheKSW88PyxS5QC4Vo9ZbZVvhzlSxY87fVq3STR6r+4cGepyHkcWOQSw=="
		},
		"gaoyia-parse": {
			"version": "1.2.0",
			"resolved": "https://registry.npmjs.org/gaoyia-parse/-/gaoyia-parse-1.2.0.tgz",
			"integrity": "sha512-h0q+5fJlKg++84Rm0JQjdxqs8WZeimkyF8fQXIbXVQxfHRzoYdchpJ8Zhxu5U7ohetWcXt/xRcWNQ4216jx+qQ=="
		},
		"good-listener": {
			"version": "1.2.2",
			"resolved": "https://registry.npmjs.org/good-listener/-/good-listener-1.2.2.tgz",
			"integrity": "sha1-1TswzfkxPf+33JoNR3CWqm0UXFA=",
			"requires": {
				"delegate": "^3.1.2"
			}
		},
		"select": {
			"version": "1.1.2",
			"resolved": "https://registry.npmjs.org/select/-/select-1.1.2.tgz",
			"integrity": "sha1-DnNQrN7ICxEIUoeG7B1EGNEbOW0="
		},
		"tiny-emitter": {
			"version": "2.1.0",
			"resolved": "https://registry.npmjs.org/tiny-emitter/-/tiny-emitter-2.1.0.tgz",
			"integrity": "sha512-NB6Dk1A9xgQPMoGqC5CVXn123gWyte215ONT5Pp5a0yt4nlEoO1ZWeCwpncaekPHXO60i47ihFnZPiRPjRMq4Q=="
		},
		"tki-qrcode": {
			"version": "0.1.6",
			"resolved": "https://registry.npmjs.org/tki-qrcode/-/tki-qrcode-0.1.6.tgz",
			"integrity": "sha512-EnnlS8psowC7PsW3MDYcxvJYkuklX3WAZ/BYanR4TdBHTu74GfjTBX8Y16REP+AeDENiVtBPh4jtTRL2P736hQ=="
		},
		"vue-i18n": {
			"version": "8.15.3",
			"resolved": "https://registry.npmjs.org/vue-i18n/-/vue-i18n-8.15.3.tgz",
			"integrity": "sha512-PVNgo6yhOmacZVFjSapZ314oewwLyXHjJwAqjnaPN1GJAJd/dvsrShGzSiJuCX4Hc36G4epJvNXUwO8y7wEKew=="
		}
	}
}
