# THIS IS AN AUTOGENERATED FILE. DO NOT EDIT THIS FILE DIRECTLY.
# yarn lockfile v1


async-validator@^3.2.3:
  version "3.2.3"
  resolved "https://registry.npm.taobao.org/async-validator/download/async-validator-3.2.3.tgz?cache=0&sync_timestamp=1575620590760&other_urls=https%3A%2F%2Fregistry.npm.taobao.org%2Fasync-validator%2Fdownload%2Fasync-validator-3.2.3.tgz#b38b72f9c08c1d28548df13bb260b6908448ca49"
  integrity sha1-s4ty+cCMHShUjfE7smC2kIRIykk=

blueimp-md5@^2.12.0:
  version "2.12.0"
  resolved "https://registry.npm.taobao.org/blueimp-md5/download/blueimp-md5-2.12.0.tgz#be7367938a889dec3ffbb71138617c117e9c130a"
  integrity sha1-vnNnk4qInew/+7cROGF8EX6cEwo=

clipboard@^2.0.4:
  version "2.0.4"
  resolved "https://registry.npm.taobao.org/clipboard/download/clipboard-2.0.4.tgz#836dafd66cf0fea5d71ce5d5b0bf6e958009112d"
  integrity sha1-g22v1mzw/qXXHOXVsL9ulYAJES0=
  dependencies:
    good-listener "^1.2.2"
    select "^1.1.2"
    tiny-emitter "^2.0.0"

dayjs@^1.8.17:
  version "1.8.20"
  resolved "https://registry.npm.taobao.org/dayjs/download/dayjs-1.8.20.tgz#724a5cb6ad1f6fc066b0bd9a800dedcc7886f19e"
  integrity sha1-ckpctq0fb8BmsL2agA3tzHiG8Z4=

delegate@^3.1.2:
  version "3.2.0"
  resolved "https://registry.npm.taobao.org/delegate/download/delegate-3.2.0.tgz#b66b71c3158522e8ab5744f720d8ca0c2af59166"
  integrity sha1-tmtxwxWFIuirV0T3INjKDCr1kWY=

gaoyia-parse@^1.2.0:
  version "1.2.0"
  resolved "https://registry.npm.taobao.org/gaoyia-parse/download/gaoyia-parse-1.2.0.tgz#5744dc714f39b7b185a28483b032785fe4484b53"
  integrity sha1-V0TccU85t7GFooSDsDJ4X+RIS1M=

good-listener@^1.2.2:
  version "1.2.2"
  resolved "https://registry.npm.taobao.org/good-listener/download/good-listener-1.2.2.tgz#d53b30cdf9313dffb7dc9a0d477096aa6d145c50"
  integrity sha1-1TswzfkxPf+33JoNR3CWqm0UXFA=
  dependencies:
    delegate "^3.1.2"

select@^1.1.2:
  version "1.1.2"
  resolved "https://registry.npm.taobao.org/select/download/select-1.1.2.tgz#0e7350acdec80b1108528786ec1d4418d11b396d"
  integrity sha1-DnNQrN7ICxEIUoeG7B1EGNEbOW0=

tiny-emitter@^2.0.0:
  version "2.1.0"
  resolved "https://registry.npm.taobao.org/tiny-emitter/download/tiny-emitter-2.1.0.tgz#1d1a56edfc51c43e863cbb5382a72330e3555423"
  integrity sha1-HRpW7fxRxD6GPLtTgqcjMONVVCM=

tki-qrcode@^0.1.6:
  version "0.1.6"
  resolved "https://registry.npm.taobao.org/tki-qrcode/download/tki-qrcode-0.1.6.tgz#71373d9c4b3f8944faa54d3ee998aba33d97de7f"
  integrity sha1-cTc9nEs/iUT6pU0+6Ziroz2X3n8=

vue-i18n@^8.15.1:
  version "8.15.3"
  resolved "https://registry.npm.taobao.org/vue-i18n/download/vue-i18n-8.15.3.tgz#9f947802d9b734fcb92e2ce724da654f2f9fc0f4"
  integrity sha1-n5R4Atm3NPy5LiznJNplTy+fwPQ=
